{
  "name": "covestro",
  "version": "1.0.0",
  "lockfileVersion": 1,
  "requires": true,
  "dependencies": {
    "popper.js": {
      "version": "1.12.9",
      "resolved": "https://registry.npmjs.org/popper.js/-/popper.js-1.12.9.tgz",
      "integrity": "sha1-DfvC3/lsRRuzMu3Pz6r1ZtMx1bM="
    },
    "tippy.js": {
      "version": "2.0.0",
      "resolved": "https://registry.npmjs.org/tippy.js/-/tippy.js-2.0.0.tgz",
      "integrity": "sha512-ykAq9eyp4LZ0Baxrib7SxPmOQE/EA+RakW3UTWis31c1JZEYOry1AVnf2HwUEcUWmzGsNW7SLAfZawbj0igwbw==",
      "requires": {
        "popper.js": "1.12.9"
      }
    }
  }
}
